
Microsoft Visual Studio Solution File, Format Version 11.00
# Visual C++ Express 2010
Project("{8BC9CEB8-8B4A-11D0-8D11-00A0C91BC942}") = "RBCodeExport", "RBCodeExport\RBCodeExport.vcxproj", "{1B4BB2F2-AA93-477A-8249-5902DE980B9F}"
EndProject
Project("{8BC9CEB8-8B4A-11D0-8D11-00A0C91BC942}") = "R6VCodeExport", "R6VCodeExport\R6VCodeExport.vcxproj", "{5BA479A7-7B53-4574-B00E-8EECCC3D8148}"
EndProject
Project("{8BC9CEB8-8B4A-11D0-8D11-00A0C91BC942}") = "UT3CodeExport", "UT3CodeExport\UT3CodeExport.vcxproj", "{AC0B1496-91CC-47D4-92E8-F594D734CFD1}"
EndProject
Global
	GlobalSection(SolutionConfigurationPlatforms) = preSolution
		Debug|Win32 = Debug|Win32
		Release|Win32 = Release|Win32
	EndGlobalSection
	GlobalSection(ProjectConfigurationPlatforms) = postSolution
		{1B4BB2F2-AA93-477A-8249-5902DE980B9F}.Debug|Win32.ActiveCfg = Debug|Win32
		{1B4BB2F2-AA93-477A-8249-5902DE980B9F}.Debug|Win32.Build.0 = Debug|Win32
		{1B4BB2F2-AA93-477A-8249-5902DE980B9F}.Release|Win32.ActiveCfg = Release|Win32
		{1B4BB2F2-AA93-477A-8249-5902DE980B9F}.Release|Win32.Build.0 = Release|Win32
		{5BA479A7-7B53-4574-B00E-8EECCC3D8148}.Debug|Win32.ActiveCfg = Debug|Win32
		{5BA479A7-7B53-4574-B00E-8EECCC3D8148}.Release|Win32.ActiveCfg = Release|Win32
		{5BA479A7-7B53-4574-B00E-8EECCC3D8148}.Release|Win32.Build.0 = Release|Win32
		{AC0B1496-91CC-47D4-92E8-F594D734CFD1}.Debug|Win32.ActiveCfg = Debug|Win32
		{AC0B1496-91CC-47D4-92E8-F594D734CFD1}.Release|Win32.ActiveCfg = Release|Win32
		{AC0B1496-91CC-47D4-92E8-F594D734CFD1}.Release|Win32.Build.0 = Release|Win32
	EndGlobalSection
	GlobalSection(SolutionProperties) = preSolution
		HideSolutionNode = FALSE
	EndGlobalSection
EndGlobal
