<?xml version="1.0" encoding="utf-8"?>
<Project ToolsVersion="4.0" xmlns="http://schemas.microsoft.com/developer/msbuild/2003">
  <ItemGroup>
    <Filter Include="Docs">
      <UniqueIdentifier>{fbcdf75e-3c58-485e-8cd8-435cd2ae3be0}</UniqueIdentifier>
    </Filter>
    <Filter Include="Code">
      <UniqueIdentifier>{f80795f2-4e70-44e3-b234-2d0e3f998f92}</UniqueIdentifier>
    </Filter>
    <Filter Include="Code\Precompiled">
      <UniqueIdentifier>{599358b1-b408-4b72-83fa-e344222ad23b}</UniqueIdentifier>
    </Filter>
    <Filter Include="Code\Headers">
      <UniqueIdentifier>{93995380-89BD-4b04-88EB-625FBE52EBFB}</UniqueIdentifier>
      <Extensions>h;hpp;hxx;hm;inl;inc;xsd</Extensions>
    </Filter>
    <Filter Include="Code\Headers\reduced">
      <UniqueIdentifier>{da6d6dbb-a51b-498b-b694-91cfdafe8a1b}</UniqueIdentifier>
    </Filter>
    <Filter Include="Code\Source">
      <UniqueIdentifier>{4FC737F1-C7A5-4376-A066-2A32D752A2FF}</UniqueIdentifier>
      <Extensions>cpp;c;cc;cxx;def;odl;idl;hpj;bat;asm;asmx</Extensions>
    </Filter>
    <Filter Include="Resources">
      <UniqueIdentifier>{67DA6AB6-F800-4c08-8B7A-83BB121AAD01}</UniqueIdentifier>
      <Extensions>rc;ico;cur;bmp;dlg;rc2;rct;bin;rgs;gif;jpg;jpeg;jpe;resx;tiff;tif;png;wav</Extensions>
    </Filter>
  </ItemGroup>
  <ItemGroup>
    <None Include="..\Docs\RBCodeExport.txt">
      <Filter>Docs</Filter>
    </None>
  </ItemGroup>
  <ItemGroup>
    <ClCompile Include="stdafx.cpp">
      <Filter>Code\Precompiled</Filter>
    </ClCompile>
    <ClCompile Include="rbArchives.cpp">
      <Filter>Code\Source</Filter>
    </ClCompile>
    <ClCompile Include="rbBytecode.cpp">
      <Filter>Code\Source</Filter>
    </ClCompile>
    <ClCompile Include="rbBytecode_code.cpp">
      <Filter>Code\Source</Filter>
    </ClCompile>
    <ClCompile Include="rbBytecode_func.cpp">
      <Filter>Code\Source</Filter>
    </ClCompile>
    <ClCompile Include="rbBytecode_output.cpp">
      <Filter>Code\Source</Filter>
    </ClCompile>
    <ClCompile Include="rbCodeExport.cpp">
      <Filter>Code\Source</Filter>
    </ClCompile>
    <ClCompile Include="rbComplexTypes.cpp">
      <Filter>Code\Source</Filter>
    </ClCompile>
    <ClCompile Include="rbNativeObjects.cpp">
      <Filter>Code\Source</Filter>
    </ClCompile>
  </ItemGroup>
  <ItemGroup>
    <ClInclude Include="stdafx.h">
      <Filter>Code\Precompiled</Filter>
    </ClInclude>
    <ClInclude Include="rbBytecode.h">
      <Filter>Code\Headers</Filter>
    </ClInclude>
    <ClInclude Include="rbCodeExport.h">
      <Filter>Code\Headers</Filter>
    </ClInclude>
    <ClInclude Include="rbNativeObjects.h">
      <Filter>Code\Headers</Filter>
    </ClInclude>
    <ClInclude Include="rbXmlDocument.h">
      <Filter>Code\Headers</Filter>
    </ClInclude>
    <ClInclude Include="rbArchives.h">
      <Filter>Code\Headers\reduced</Filter>
    </ClInclude>
    <ClInclude Include="rbBasicTypes.h">
      <Filter>Code\Headers\reduced</Filter>
    </ClInclude>
    <ClInclude Include="rbComplexTypes.h">
      <Filter>Code\Headers\reduced</Filter>
    </ClInclude>
    <ClInclude Include="rbDebug.h">
      <Filter>Code\Headers\reduced</Filter>
    </ClInclude>
  </ItemGroup>
</Project>